
Microsoft Visual Studio Solution File, Format Version 12.00
# Visual Studio Version 17
VisualStudioVersion = 17.11.35327.3
MinimumVisualStudioVersion = 10.0.40219.1
Project("{8BC9CEB8-8B4A-11D0-8D11-00A0C91BC942}") = "Salamander", "Salamander\Salamander.vcxproj", "{6544D5BD-97C5-460D-B71E-D832A9CD1C19}"
EndProject
Global
	GlobalSection(SolutionConfigurationPlatforms) = preSolution
		Debug|x64 = Debug|x64
		Release|x64 = Release|x64
	EndGlobalSection
	GlobalSection(ProjectConfigurationPlatforms) = postSolution
		{6544D5BD-97C5-460D-B71E-D832A9CD1C19}.Debug|x64.ActiveCfg = Debug|x64
		{6544D5BD-97C5-460D-B71E-D832A9CD1C19}.Debug|x64.Build.0 = Debug|x64
		{6544D5BD-97C5-460D-B71E-D832A9CD1C19}.Release|x64.ActiveCfg = Release|x64
		{6544D5BD-97C5-460D-B71E-D832A9CD1C19}.Release|x64.Build.0 = Release|x64
	EndGlobalSection
	GlobalSection(SolutionProperties) = preSolution
		HideSolutionNode = FALSE
	EndGlobalSection
	GlobalSection(ExtensibilityGlobals) = postSolution
		SolutionGuid = {1FE4FF61-A007-4ECD-8DD7-4BF40AD0B8F5}
	EndGlobalSection
EndGlobal
